{
  "ConnectionStrings": {
    "Default": "Server=localhost,1433;Database=FinanceDashboard;User Id=sa;Password=SeuPasswordForte@123;TrustServerCertificate=True;"
  },
  "Jwt": {
    "Key": "SUPER_CHAVE_SECRETA_32_CHARS_MINIMO_123456",
    "Issuer": "FinanceDashboard",
    "Audience": "FinanceDashboard"
  },
  "Logging": {
    "LogLevel": {
      "Default": "Information",
      "Microsoft.AspNetCore": "Warning"
    }
  },
  "AllowedHosts": "*"
}